dependencies:
- name: postgresql
  repository: oci://registry-1.docker.io/bitnamicharts
  version: 14.3.3
- name: kube-prometheus
  repository: oci://registry-1.docker.io/bitnamicharts
  version: 8.30.1
digest: sha256:02702967160495f74d3e72f444417371b632bc89cd62ffb9a4bc39f31f403b92
generated: "2024-03-16T02:14:05.872807+05:30"
